// !$*UTF8*$!
{
	archiveVersion = 1;
	classes = {
	};
	objectVersion = 46;
	objects = {

/* Begin PBXBuildFile section */
		B11264F41D8A9AE800224FB2 /* InputTableRow.swift in Sources */ = {isa = PBXBuildFile; fileRef = B11264F31D8A9AE800224FB2 /* InputTableRow.swift */; };
		B17BAA3C1D89639200844421 /* ThunderTable.framework in Frameworks */ = {isa = PBXBuildFile; fileRef = B17BAA321D89639100844421 /* ThunderTable.framework */; };
		B17BAA411D89639200844421 /* ThunderTableTests.swift in Sources */ = {isa = PBXBuildFile; fileRef = B17BAA401D89639200844421 /* ThunderTableTests.swift */; };
		B17BAA431D89639200844421 /* ThunderTable.h in Headers */ = {isa = PBXBuildFile; fileRef = B17BAA351D89639100844421 /* ThunderTable.h */; settings = {ATTRIBUTES = (Public, ); }; };
		B17BAA561D8963BB00844421 /* TableViewController.swift in Sources */ = {isa = PBXBuildFile; fileRef = B17BAA551D8963BB00844421 /* TableViewController.swift */; };
		B17BAA581D89643800844421 /* TableSection.swift in Sources */ = {isa = PBXBuildFile; fileRef = B17BAA571D89643800844421 /* TableSection.swift */; };
		B17BAA5A1D89645000844421 /* TableRow.swift in Sources */ = {isa = PBXBuildFile; fileRef = B17BAA591D89645000844421 /* TableRow.swift */; };
		B19C531F1D8B00E900B30A35 /* InputTextFieldRow.swift in Sources */ = {isa = PBXBuildFile; fileRef = B19C531E1D8B00E900B30A35 /* InputTextFieldRow.swift */; };
		B19C53241D8B033E00B30A35 /* InputTextFieldViewCell.swift in Sources */ = {isa = PBXBuildFile; fileRef = B19C53221D8B033E00B30A35 /* InputTextFieldViewCell.swift */; };
		B19C53251D8B033E00B30A35 /* InputTextFieldViewCell.xib in Resources */ = {isa = PBXBuildFile; fileRef = B19C53231D8B033E00B30A35 /* InputTextFieldViewCell.xib */; };
		B19C53271D8B036600B30A35 /* ApplicationLoadingIndicatorManager.swift in Sources */ = {isa = PBXBuildFile; fileRef = B19C53261D8B036600B30A35 /* ApplicationLoadingIndicatorManager.swift */; };
		B1B679611D89807A00B66FD8 /* TableViewCell.swift in Sources */ = {isa = PBXBuildFile; fileRef = B1B6795F1D89807A00B66FD8 /* TableViewCell.swift */; };
		B1B679621D89807A00B66FD8 /* TableViewCell.xib in Resources */ = {isa = PBXBuildFile; fileRef = B1B679601D89807A00B66FD8 /* TableViewCell.xib */; };
/* End PBXBuildFile section */

/* Begin PBXContainerItemProxy section */
		B17BAA3D1D89639200844421 /* PBXContainerItemProxy */ = {
			isa = PBXContainerItemProxy;
			containerPortal = B17BAA291D89639100844421 /* Project object */;
			proxyType = 1;
			remoteGlobalIDString = B17BAA311D89639100844421;
			remoteInfo = ThunderTable;
		};
/* End PBXContainerItemProxy section */

/* Begin PBXFileReference section */
		B11264F31D8A9AE800224FB2 /* InputTableRow.swift */ = {isa = PBXFileReference; fileEncoding = 4; lastKnownFileType = sourcecode.swift; path = InputTableRow.swift; sourceTree = "<group>"; };
		B17BAA321D89639100844421 /* ThunderTable.framework */ = {isa = PBXFileReference; explicitFileType = wrapper.framework; includeInIndex = 0; path = ThunderTable.framework; sourceTree = BUILT_PRODUCTS_DIR; };
		B17BAA351D89639100844421 /* ThunderTable.h */ = {isa = PBXFileReference; lastKnownFileType = sourcecode.c.h; path = ThunderTable.h; sourceTree = "<group>"; };
		B17BAA361D89639100844421 /* Info.plist */ = {isa = PBXFileReference; lastKnownFileType = text.plist.xml; path = Info.plist; sourceTree = "<group>"; };
		B17BAA3B1D89639200844421 /* ThunderTableTests.xctest */ = {isa = PBXFileReference; explicitFileType = wrapper.cfbundle; includeInIndex = 0; path = ThunderTableTests.xctest; sourceTree = BUILT_PRODUCTS_DIR; };
		B17BAA401D89639200844421 /* ThunderTableTests.swift */ = {isa = PBXFileReference; lastKnownFileType = sourcecode.swift; path = ThunderTableTests.swift; sourceTree = "<group>"; };
		B17BAA421D89639200844421 /* Info.plist */ = {isa = PBXFileReference; lastKnownFileType = text.plist.xml; path = Info.plist; sourceTree = "<group>"; };
		B17BAA551D8963BB00844421 /* TableViewController.swift */ = {isa = PBXFileReference; fileEncoding = 4; lastKnownFileType = sourcecode.swift; path = TableViewController.swift; sourceTree = "<group>"; };
		B17BAA571D89643800844421 /* TableSection.swift */ = {isa = PBXFileReference; fileEncoding = 4; lastKnownFileType = sourcecode.swift; path = TableSection.swift; sourceTree = "<group>"; };
		B17BAA591D89645000844421 /* TableRow.swift */ = {isa = PBXFileReference; fileEncoding = 4; lastKnownFileType = sourcecode.swift; path = TableRow.swift; sourceTree = "<group>"; };
		B19C531E1D8B00E900B30A35 /* InputTextFieldRow.swift */ = {isa = PBXFileReference; fileEncoding = 4; lastKnownFileType = sourcecode.swift; path = InputTextFieldRow.swift; sourceTree = "<group>"; };
		B19C53221D8B033E00B30A35 /* InputTextFieldViewCell.swift */ = {isa = PBXFileReference; fileEncoding = 4; lastKnownFileType = sourcecode.swift; path = InputTextFieldViewCell.swift; sourceTree = "<group>"; };
		B19C53231D8B033E00B30A35 /* InputTextFieldViewCell.xib */ = {isa = PBXFileReference; fileEncoding = 4; lastKnownFileType = file.xib; path = InputTextFieldViewCell.xib; sourceTree = "<group>"; };
		B19C53261D8B036600B30A35 /* ApplicationLoadingIndicatorManager.swift */ = {isa = PBXFileReference; fileEncoding = 4; lastKnownFileType = sourcecode.swift; path = ApplicationLoadingIndicatorManager.swift; sourceTree = "<group>"; };
		B1B6795F1D89807A00B66FD8 /* TableViewCell.swift */ = {isa = PBXFileReference; fileEncoding = 4; lastKnownFileType = sourcecode.swift; path = TableViewCell.swift; sourceTree = "<group>"; };
		B1B679601D89807A00B66FD8 /* TableViewCell.xib */ = {isa = PBXFileReference; fileEncoding = 4; lastKnownFileType = file.xib; path = TableViewCell.xib; sourceTree = "<group>"; };
/* End PBXFileReference section */

/* Begin PBXFrameworksBuildPhase section */
		B17BAA2E1D89639100844421 /* Frameworks */ = {
			isa = PBXFrameworksBuildPhase;
			buildActionMask = 2147483647;
			files = (
			);
			runOnlyForDeploymentPostprocessing = 0;
		};
		B17BAA381D89639200844421 /* Frameworks */ = {
			isa = PBXFrameworksBuildPhase;
			buildActionMask = 2147483647;
			files = (
				B17BAA3C1D89639200844421 /* ThunderTable.framework in Frameworks */,
			);
			runOnlyForDeploymentPostprocessing = 0;
		};
/* End PBXFrameworksBuildPhase section */

/* Begin PBXGroup section */
		B11264F21D8A9A9900224FB2 /* Input */ = {
			isa = PBXGroup;
			children = (
				B11264F31D8A9AE800224FB2 /* InputTableRow.swift */,
				B19C53211D8B02F600B30A35 /* Cells */,
				B19C53201D8B02EA00B30A35 /* Rows */,
			);
			name = Input;
			sourceTree = "<group>";
		};
		B17BAA281D89639100844421 = {
			isa = PBXGroup;
			children = (
				B17BAA341D89639100844421 /* ThunderTable */,
				B17BAA3F1D89639200844421 /* ThunderTableTests */,
				B17BAA331D89639100844421 /* Products */,
			);
			sourceTree = "<group>";
		};
		B17BAA331D89639100844421 /* Products */ = {
			isa = PBXGroup;
			children = (
				B17BAA321D89639100844421 /* ThunderTable.framework */,
				B17BAA3B1D89639200844421 /* ThunderTableTests.xctest */,
			);
			name = Products;
			sourceTree = "<group>";
		};
		B17BAA341D89639100844421 /* ThunderTable */ = {
			isa = PBXGroup;
			children = (
				B19C53261D8B036600B30A35 /* ApplicationLoadingIndicatorManager.swift */,
				B11264F21D8A9A9900224FB2 /* Input */,
				B17BAA351D89639100844421 /* ThunderTable.h */,
				B17BAA361D89639100844421 /* Info.plist */,
				B1B6795F1D89807A00B66FD8 /* TableViewCell.swift */,
				B1B679601D89807A00B66FD8 /* TableViewCell.xib */,
				B17BAA551D8963BB00844421 /* TableViewController.swift */,
				B17BAA571D89643800844421 /* TableSection.swift */,
				B17BAA591D89645000844421 /* TableRow.swift */,
			);
			path = ThunderTable;
			sourceTree = "<group>";
		};
		B17BAA3F1D89639200844421 /* ThunderTableTests */ = {
			isa = PBXGroup;
			children = (
				B17BAA401D89639200844421 /* ThunderTableTests.swift */,
				B17BAA421D89639200844421 /* Info.plist */,
			);
			path = ThunderTableTests;
			sourceTree = "<group>";
		};
		B19C53201D8B02EA00B30A35 /* Rows */ = {
			isa = PBXGroup;
			children = (
				B19C531E1D8B00E900B30A35 /* InputTextFieldRow.swift */,
			);
			name = Rows;
			sourceTree = "<group>";
		};
		B19C53211D8B02F600B30A35 /* Cells */ = {
			isa = PBXGroup;
			children = (
				B19C53221D8B033E00B30A35 /* InputTextFieldViewCell.swift */,
				B19C53231D8B033E00B30A35 /* InputTextFieldViewCell.xib */,
			);
			name = Cells;
			sourceTree = "<group>";
		};
/* End PBXGroup section */

/* Begin PBXHeadersBuildPhase section */
		B17BAA2F1D89639100844421 /* Headers */ = {
			isa = PBXHeadersBuildPhase;
			buildActionMask = 2147483647;
			files = (
				B17BAA431D89639200844421 /* ThunderTable.h in Headers */,
			);
			runOnlyForDeploymentPostprocessing = 0;
		};
/* End PBXHeadersBuildPhase section */

/* Begin PBXNativeTarget section */
		B17BAA311D89639100844421 /* ThunderTable */ = {
			isa = PBXNativeTarget;
			buildConfigurationList = B17BAA461D89639200844421 /* Build configuration list for PBXNativeTarget "ThunderTable" */;
			buildPhases = (
				B17BAA2D1D89639100844421 /* Sources */,
				B17BAA2E1D89639100844421 /* Frameworks */,
				B17BAA2F1D89639100844421 /* Headers */,
				B17BAA301D89639100844421 /* Resources */,
			);
			buildRules = (
			);
			dependencies = (
			);
			name = ThunderTable;
			productName = ThunderTable;
			productReference = B17BAA321D89639100844421 /* ThunderTable.framework */;
			productType = "com.apple.product-type.framework";
		};
		B17BAA3A1D89639200844421 /* ThunderTableTests */ = {
			isa = PBXNativeTarget;
			buildConfigurationList = B17BAA491D89639200844421 /* Build configuration list for PBXNativeTarget "ThunderTableTests" */;
			buildPhases = (
				B17BAA371D89639200844421 /* Sources */,
				B17BAA381D89639200844421 /* Frameworks */,
				B17BAA391D89639200844421 /* Resources */,
			);
			buildRules = (
			);
			dependencies = (
				B17BAA3E1D89639200844421 /* PBXTargetDependency */,
			);
			name = ThunderTableTests;
			productName = ThunderTableTests;
			productReference = B17BAA3B1D89639200844421 /* ThunderTableTests.xctest */;
			productType = "com.apple.product-type.bundle.unit-test";
		};
/* End PBXNativeTarget section */

/* Begin PBXProject section */
		B17BAA291D89639100844421 /* Project object */ = {
			isa = PBXProject;
			attributes = {
				LastSwiftUpdateCheck = 0800;
				LastUpgradeCheck = 0800;
				ORGANIZATIONNAME = 3SidedCube;
				TargetAttributes = {
					B17BAA311D89639100844421 = {
						CreatedOnToolsVersion = 8.0;
						DevelopmentTeam = 5AAUAL6K5G;
						LastSwiftMigration = 0800;
						ProvisioningStyle = Automatic;
					};
					B17BAA3A1D89639200844421 = {
						CreatedOnToolsVersion = 8.0;
						DevelopmentTeam = 5AAUAL6K5G;
						ProvisioningStyle = Automatic;
					};
				};
			};
			buildConfigurationList = B17BAA2C1D89639100844421 /* Build configuration list for PBXProject "ThunderTable" */;
			compatibilityVersion = "Xcode 3.2";
			developmentRegion = English;
			hasScannedForEncodings = 0;
			knownRegions = (
				en,
			);
			mainGroup = B17BAA281D89639100844421;
			productRefGroup = B17BAA331D89639100844421 /* Products */;
			projectDirPath = "";
			projectRoot = "";
			targets = (
				B17BAA311D89639100844421 /* ThunderTable */,
				B17BAA3A1D89639200844421 /* ThunderTableTests */,
			);
		};
/* End PBXProject section */

/* Begin PBXResourcesBuildPhase section */
		B17BAA301D89639100844421 /* Resources */ = {
			isa = PBXResourcesBuildPhase;
			buildActionMask = 2147483647;
			files = (
				B1B679621D89807A00B66FD8 /* TableViewCell.xib in Resources */,
				B19C53251D8B033E00B30A35 /* InputTextFieldViewCell.xib in Resources */,
			);
			runOnlyForDeploymentPostprocessing = 0;
		};
		B17BAA391D89639200844421 /* Resources */ = {
			isa = PBXResourcesBuildPhase;
			buildActionMask = 2147483647;
			files = (
			);
			runOnlyForDeploymentPostprocessing = 0;
		};
/* End PBXResourcesBuildPhase section */

/* Begin PBXSourcesBuildPhase section */
		B17BAA2D1D89639100844421 /* Sources */ = {
			isa = PBXSourcesBuildPhase;
			buildActionMask = 2147483647;
			files = (
				B17BAA581D89643800844421 /* TableSection.swift in Sources */,
				B1B679611D89807A00B66FD8 /* TableViewCell.swift in Sources */,
				B11264F41D8A9AE800224FB2 /* InputTableRow.swift in Sources */,
				B19C53241D8B033E00B30A35 /* InputTextFieldViewCell.swift in Sources */,
				B17BAA561D8963BB00844421 /* TableViewController.swift in Sources */,
				B19C53271D8B036600B30A35 /* ApplicationLoadingIndicatorManager.swift in Sources */,
				B17BAA5A1D89645000844421 /* TableRow.swift in Sources */,
				B19C531F1D8B00E900B30A35 /* InputTextFieldRow.swift in Sources */,
			);
			runOnlyForDeploymentPostprocessing = 0;
		};
		B17BAA371D89639200844421 /* Sources */ = {
			isa = PBXSourcesBuildPhase;
			buildActionMask = 2147483647;
			files = (
				B17BAA411D89639200844421 /* ThunderTableTests.swift in Sources */,
			);
			runOnlyForDeploymentPostprocessing = 0;
		};
/* End PBXSourcesBuildPhase section */

/* Begin PBXTargetDependency section */
		B17BAA3E1D89639200844421 /* PBXTargetDependency */ = {
			isa = PBXTargetDependency;
			target = B17BAA311D89639100844421 /* ThunderTable */;
			targetProxy = B17BAA3D1D89639200844421 /* PBXContainerItemProxy */;
		};
/* End PBXTargetDependency section */

/* Begin XCBuildConfiguration section */
		B17BAA441D89639200844421 /* Debug */ = {
			isa = XCBuildConfiguration;
			buildSettings = {
				ALWAYS_SEARCH_USER_PATHS = NO;
				CLANG_ANALYZER_NONNULL = YES;
				CLANG_CXX_LANGUAGE_STANDARD = "gnu++0x";
				CLANG_CXX_LIBRARY = "libc++";
				CLANG_ENABLE_MODULES = YES;
				CLANG_ENABLE_OBJC_ARC = YES;
				CLANG_WARN_BOOL_CONVERSION = YES;
				CLANG_WARN_CONSTANT_CONVERSION = YES;
				CLANG_WARN_DIRECT_OBJC_ISA_USAGE = YES_ERROR;
				CLANG_WARN_DOCUMENTATION_COMMENTS = YES;
				CLANG_WARN_EMPTY_BODY = YES;
				CLANG_WARN_ENUM_CONVERSION = YES;
				CLANG_WARN_INFINITE_RECURSION = YES;
				CLANG_WARN_INT_CONVERSION = YES;
				CLANG_WARN_OBJC_ROOT_CLASS = YES_ERROR;
				CLANG_WARN_SUSPICIOUS_MOVES = YES;
				CLANG_WARN_UNREACHABLE_CODE = YES;
				CLANG_WARN__DUPLICATE_METHOD_MATCH = YES;
				"CODE_SIGN_IDENTITY[sdk=iphoneos*]" = "iPhone Developer";
				COPY_PHASE_STRIP = NO;
				CURRENT_PROJECT_VERSION = 1;
				DEBUG_INFORMATION_FORMAT = dwarf;
				ENABLE_STRICT_OBJC_MSGSEND = YES;
				ENABLE_TESTABILITY = YES;
				GCC_C_LANGUAGE_STANDARD = gnu99;
				GCC_DYNAMIC_NO_PIC = NO;
				GCC_NO_COMMON_BLOCKS = YES;
				GCC_OPTIMIZATION_LEVEL = 0;
				GCC_PREPROCESSOR_DEFINITIONS = (
					"DEBUG=1",
					"$(inherited)",
				);
				GCC_WARN_64_TO_32_BIT_CONVERSION = YES;
				GCC_WARN_ABOUT_RETURN_TYPE = YES_ERROR;
				GCC_WARN_UNDECLARED_SELECTOR = YES;
				GCC_WARN_UNINITIALIZED_AUTOS = YES_AGGRESSIVE;
				GCC_WARN_UNUSED_FUNCTION = YES;
				GCC_WARN_UNUSED_VARIABLE = YES;
				IPHONEOS_DEPLOYMENT_TARGET = 10.0;
				MTL_ENABLE_DEBUG_INFO = YES;
				ONLY_ACTIVE_ARCH = YES;
				SDKROOT = iphoneos;
				SWIFT_ACTIVE_COMPILATION_CONDITIONS = DEBUG;
				SWIFT_OPTIMIZATION_LEVEL = "-Onone";
				TARGETED_DEVICE_FAMILY = "1,2";
				VERSIONING_SYSTEM = "apple-generic";
				VERSION_INFO_PREFIX = "";
			};
			name = Debug;
		};
		B17BAA451D89639200844421 /* Release */ = {
			isa = XCBuildConfiguration;
			buildSettings = {
				ALWAYS_SEARCH_USER_PATHS = NO;
				CLANG_ANALYZER_NONNULL = YES;
				CLANG_CXX_LANGUAGE_STANDARD = "gnu++0x";
				CLANG_CXX_LIBRARY = "libc++";
				CLANG_ENABLE_MODULES = YES;
				CLANG_ENABLE_OBJC_ARC = YES;
				CLANG_WARN_BOOL_CONVERSION = YES;
				CLANG_WARN_CONSTANT_CONVERSION = YES;
				CLANG_WARN_DIRECT_OBJC_ISA_USAGE = YES_ERROR;
				CLANG_WARN_DOCUMENTATION_COMMENTS = YES;
				CLANG_WARN_EMPTY_BODY = YES;
				CLANG_WARN_ENUM_CONVERSION = YES;
				CLANG_WARN_INFINITE_RECURSION = YES;
				CLANG_WARN_INT_CONVERSION = YES;
				CLANG_WARN_OBJC_ROOT_CLASS = YES_ERROR;
				CLANG_WARN_SUSPICIOUS_MOVES = YES;
				CLANG_WARN_UNREACHABLE_CODE = YES;
				CLANG_WARN__DUPLICATE_METHOD_MATCH = YES;
				"CODE_SIGN_IDENTITY[sdk=iphoneos*]" = "iPhone Developer";
				COPY_PHASE_STRIP = NO;
				CURRENT_PROJECT_VERSION = 1;
				DEBUG_INFORMATION_FORMAT = "dwarf-with-dsym";
				ENABLE_NS_ASSERTIONS = NO;
				ENABLE_STRICT_OBJC_MSGSEND = YES;
				GCC_C_LANGUAGE_STANDARD = gnu99;
				GCC_NO_COMMON_BLOCKS = YES;
				GCC_WARN_64_TO_32_BIT_CONVERSION = YES;
				GCC_WARN_ABOUT_RETURN_TYPE = YES_ERROR;
				GCC_WARN_UNDECLARED_SELECTOR = YES;
				GCC_WARN_UNINITIALIZED_AUTOS = YES_AGGRESSIVE;
				GCC_WARN_UNUSED_FUNCTION = YES;
				GCC_WARN_UNUSED_VARIABLE = YES;
				IPHONEOS_DEPLOYMENT_TARGET = 10.0;
				MTL_ENABLE_DEBUG_INFO = NO;
				SDKROOT = iphoneos;
				SWIFT_OPTIMIZATION_LEVEL = "-Owholemodule";
				TARGETED_DEVICE_FAMILY = "1,2";
				VALIDATE_PRODUCT = YES;
				VERSIONING_SYSTEM = "apple-generic";
				VERSION_INFO_PREFIX = "";
			};
			name = Release;
		};
		B17BAA471D89639200844421 /* Debug */ = {
			isa = XCBuildConfiguration;
			buildSettings = {
				CLANG_ENABLE_MODULES = YES;
				CODE_SIGN_IDENTITY = "";
				DEFINES_MODULE = YES;
				DEVELOPMENT_TEAM = 5AAUAL6K5G;
				DYLIB_COMPATIBILITY_VERSION = 1;
				DYLIB_CURRENT_VERSION = 1;
				DYLIB_INSTALL_NAME_BASE = "@rpath";
				INFOPLIST_FILE = ThunderTable/Info.plist;
				INSTALL_PATH = "$(LOCAL_LIBRARY_DIR)/Frameworks";
				IPHONEOS_DEPLOYMENT_TARGET = 9.0;
				LD_RUNPATH_SEARCH_PATHS = "$(inherited) @executable_path/Frameworks @loader_path/Frameworks";
				PRODUCT_BUNDLE_IDENTIFIER = com.threesidedcube.ThunderTable;
				PRODUCT_NAME = "$(TARGET_NAME)";
				SKIP_INSTALL = YES;
				SWIFT_OPTIMIZATION_LEVEL = "-Onone";
				SWIFT_VERSION = 3.0;
			};
			name = Debug;
		};
		B17BAA481D89639200844421 /* Release */ = {
			isa = XCBuildConfiguration;
			buildSettings = {
				CLANG_ENABLE_MODULES = YES;
				CODE_SIGN_IDENTITY = "";
				DEFINES_MODULE = YES;
				DEVELOPMENT_TEAM = 5AAUAL6K5G;
				DYLIB_COMPATIBILITY_VERSION = 1;
				DYLIB_CURRENT_VERSION = 1;
				DYLIB_INSTALL_NAME_BASE = "@rpath";
				INFOPLIST_FILE = ThunderTable/Info.plist;
				INSTALL_PATH = "$(LOCAL_LIBRARY_DIR)/Frameworks";
				IPHONEOS_DEPLOYMENT_TARGET = 9.0;
				LD_RUNPATH_SEARCH_PATHS = "$(inherited) @executable_path/Frameworks @loader_path/Frameworks";
				PRODUCT_BUNDLE_IDENTIFIER = com.threesidedcube.ThunderTable;
				PRODUCT_NAME = "$(TARGET_NAME)";
				SKIP_INSTALL = YES;
				SWIFT_VERSION = 3.0;
			};
			name = Release;
		};
		B17BAA4A1D89639200844421 /* Debug */ = {
			isa = XCBuildConfiguration;
			buildSettings = {
				ALWAYS_EMBED_SWIFT_STANDARD_LIBRARIES = YES;
				DEVELOPMENT_TEAM = 5AAUAL6K5G;
				INFOPLIST_FILE = ThunderTableTests/Info.plist;
				LD_RUNPATH_SEARCH_PATHS = "$(inherited) @executable_path/Frameworks @loader_path/Frameworks";
				PRODUCT_BUNDLE_IDENTIFIER = com.threesidedcube.ThunderTable.ThunderTableTests;
				PRODUCT_NAME = "$(TARGET_NAME)";
				SWIFT_VERSION = 3.0;
			};
			name = Debug;
		};
		B17BAA4B1D89639200844421 /* Release */ = {
			isa = XCBuildConfiguration;
			buildSettings = {
				ALWAYS_EMBED_SWIFT_STANDARD_LIBRARIES = YES;
				DEVELOPMENT_TEAM = 5AAUAL6K5G;
				INFOPLIST_FILE = ThunderTableTests/Info.plist;
				LD_RUNPATH_SEARCH_PATHS = "$(inherited) @executable_path/Frameworks @loader_path/Frameworks";
				PRODUCT_BUNDLE_IDENTIFIER = com.threesidedcube.ThunderTable.ThunderTableTests;
				PRODUCT_NAME = "$(TARGET_NAME)";
				SWIFT_VERSION = 3.0;
			};
			name = Release;
		};
/* End XCBuildConfiguration section */

/* Begin XCConfigurationList section */
		B17BAA2C1D89639100844421 /* Build configuration list for PBXProject "ThunderTable" */ = {
			isa = XCConfigurationList;
			buildConfigurations = (
				B17BAA441D89639200844421 /* Debug */,
				B17BAA451D89639200844421 /* Release */,
			);
			defaultConfigurationIsVisible = 0;
			defaultConfigurationName = Release;
		};
		B17BAA461D89639200844421 /* Build configuration list for PBXNativeTarget "ThunderTable" */ = {
			isa = XCConfigurationList;
			buildConfigurations = (
				B17BAA471D89639200844421 /* Debug */,
				B17BAA481D89639200844421 /* Release */,
			);
			defaultConfigurationIsVisible = 0;
			defaultConfigurationName = Release;
		};
		B17BAA491D89639200844421 /* Build configuration list for PBXNativeTarget "ThunderTableTests" */ = {
			isa = XCConfigurationList;
			buildConfigurations = (
				B17BAA4A1D89639200844421 /* Debug */,
				B17BAA4B1D89639200844421 /* Release */,
			);
			defaultConfigurationIsVisible = 0;
			defaultConfigurationName = Release;
		};
/* End XCConfigurationList section */
	};
	rootObject = B17BAA291D89639100844421 /* Project object */;
}
